hash: ccd6311c7f71f0b63b5fbdf8f5bc6b9739bd1fa2123dd70c430b8bb14eef3260
updated: 2017-05-17T21:06:57.044801928+10:00
imports:
- name: github.com/bmizerany/pat
  version: c068ca2f0aacee5ac3681d68e4d0a003b7d1fd2c
- name: github.com/jinzhu/inflection
  version: 1c35d901db3da928c72a72d8458480cc9ade058f
- name: github.com/newrelic/go-agent
  version: 29ec3cd1bb2f21d21d36da37dae52695cb2c3a17
- name: github.com/pressly/chi
  version: e6033ea75479391a4bce3918fc119cad31e1cb30
- name: gopkg.in/pg.v5
  version: f75c60c25ae08b7c51e102d6a852496ff7131453
  subpackages:
  - internal
  - internal/parser
  - internal/pool
  - orm
  - types
testImports:
- name: github.com/bluele/go-timecop
  version: 458c374944d9f5637be39043caab4541eb4eb3f2
- name: github.com/onsi/ginkgo
  version: 77a8c1e5c40d6bb6c5eb4dd4bdce9763564f6298
  subpackages:
  - config
  - internal/codelocation
  - internal/containernode
  - internal/failer
  - internal/leafnodes
  - internal/remote
  - internal/spec
  - internal/spec_iterator
  - internal/specrunner
  - internal/suite
  - internal/testingtproxy
  - internal/writer
  - reporters
  - reporters/stenographer
  - reporters/stenographer/support/go-colorable
  - reporters/stenographer/support/go-isatty
  - types
- name: github.com/onsi/gomega
  version: 334b8f472b3af5d541c5642701c1e29e2126f486
  subpackages:
  - format
  - internal/assertion
  - internal/asyncassertion
  - internal/oraclematcher
  - internal/testingtsupport
  - matchers
  - matchers/support/goraph/bipartitegraph
  - matchers/support/goraph/edge
  - matchers/support/goraph/node
  - matchers/support/goraph/util
  - types
- name: golang.org/x/sys
  version: f845067cf72a21fb4929b0e6a35273bd83b56396
  subpackages:
  - unix
- name: gopkg.in/yaml.v2
  version: cd8b52f8269e0feb286dfeef29f8fe4d5b397e0b
